// !$*UTF8*$!
{
	archiveVersion = 1;
	classes = {
	};
	objectVersion = 56;
	objects = {

/* Begin PBXBuildFile section */
		B10F227F29B5DFC400969D27 /* AppDelegate.swift in Sources */ = {isa = PBXBuildFile; fileRef = B10F227E29B5DFC400969D27 /* AppDelegate.swift */; };
		B10F228129B5DFC400969D27 /* SceneDelegate.swift in Sources */ = {isa = PBXBuildFile; fileRef = B10F228029B5DFC400969D27 /* SceneDelegate.swift */; };
		B10F228329B5DFC400969D27 /* MainViewController.swift in Sources */ = {isa = PBXBuildFile; fileRef = B10F228229B5DFC400969D27 /* MainViewController.swift */; };
		B10F228829B5DFC500969D27 /* Assets.xcassets in Resources */ = {isa = PBXBuildFile; fileRef = B10F228729B5DFC500969D27 /* Assets.xcassets */; };
		B10F228B29B5DFC500969D27 /* LaunchScreen.storyboard in Resources */ = {isa = PBXBuildFile; fileRef = B10F228929B5DFC500969D27 /* LaunchScreen.storyboard */; };
		B10F229929B5E29300969D27 /* SnapKit in Frameworks */ = {isa = PBXBuildFile; productRef = B10F229829B5E29300969D27 /* SnapKit */; };
		B10F229C29B5E63E00969D27 /* Alamofire in Frameworks */ = {isa = PBXBuildFile; productRef = B10F229B29B5E63E00969D27 /* Alamofire */; };
		B10F229F29B5E69000969D27 /* NetworkManager.swift in Sources */ = {isa = PBXBuildFile; fileRef = B10F229E29B5E69000969D27 /* NetworkManager.swift */; };
		B10F22AA29B5FCA500969D27 /* GameEndpoints.swift in Sources */ = {isa = PBXBuildFile; fileRef = B10F22A929B5FCA500969D27 /* GameEndpoints.swift */; };
		B10F22B029B5FED600969D27 /* EndpointsProtocol.swift in Sources */ = {isa = PBXBuildFile; fileRef = B10F22AF29B5FED600969D27 /* EndpointsProtocol.swift */; };
		B10F22B429B6061F00969D27 /* GameListResponse.swift in Sources */ = {isa = PBXBuildFile; fileRef = B10F22B329B6061F00969D27 /* GameListResponse.swift */; };
		B10F22B629B6088300969D27 /* GameDetailResponse.swift in Sources */ = {isa = PBXBuildFile; fileRef = B10F22B529B6088300969D27 /* GameDetailResponse.swift */; };
		B10F22B829B609F900969D27 /* GameAPI.swift in Sources */ = {isa = PBXBuildFile; fileRef = B10F22B729B609F900969D27 /* GameAPI.swift */; };
		B10F22BA29B615AE00969D27 /* MainViewModel.swift in Sources */ = {isa = PBXBuildFile; fileRef = B10F22B929B615AE00969D27 /* MainViewModel.swift */; };
		B10F22BC29B615F900969D27 /* MainBuilder.swift in Sources */ = {isa = PBXBuildFile; fileRef = B10F22BB29B615F900969D27 /* MainBuilder.swift */; };
		B10F22BE29B6160100969D27 /* MainRouter.swift in Sources */ = {isa = PBXBuildFile; fileRef = B10F22BD29B6160100969D27 /* MainRouter.swift */; };
		B10F22C729B6228F00969D27 /* TopHorizontalCell.swift in Sources */ = {isa = PBXBuildFile; fileRef = B10F22C629B6228F00969D27 /* TopHorizontalCell.swift */; };
		B10F22C929B622E800969D27 /* GameListCell.swift in Sources */ = {isa = PBXBuildFile; fileRef = B10F22C829B622E800969D27 /* GameListCell.swift */; };
		B10F22CD29B623F400969D27 /* SnappingLayout.swift in Sources */ = {isa = PBXBuildFile; fileRef = B10F22CC29B623F400969D27 /* SnappingLayout.swift */; };
		B10F22CF29B624BF00969D27 /* HorizontalGamesCell.swift in Sources */ = {isa = PBXBuildFile; fileRef = B10F22CE29B624BF00969D27 /* HorizontalGamesCell.swift */; };
		B10F22D129B62BE900969D27 /* ScreenBounds.swift in Sources */ = {isa = PBXBuildFile; fileRef = B10F22D029B62BE900969D27 /* ScreenBounds.swift */; };
		B10F22D429B63BC000969D27 /* Kingfisher in Frameworks */ = {isa = PBXBuildFile; productRef = B10F22D329B63BC000969D27 /* Kingfisher */; };
		B11F1C8929B669220017A063 /* DetailViewController.swift in Sources */ = {isa = PBXBuildFile; fileRef = B11F1C8829B669220017A063 /* DetailViewController.swift */; };
		B11F1C8B29B6693A0017A063 /* DetailViewModel.swift in Sources */ = {isa = PBXBuildFile; fileRef = B11F1C8A29B6693A0017A063 /* DetailViewModel.swift */; };
		B11F1C8D29B669420017A063 /* DetailBuilder.swift in Sources */ = {isa = PBXBuildFile; fileRef = B11F1C8C29B669420017A063 /* DetailBuilder.swift */; };
/* End PBXBuildFile section */

/* Begin PBXFileReference section */
		B10F227B29B5DFC400969D27 /* AppcentGameList.app */ = {isa = PBXFileReference; explicitFileType = wrapper.application; includeInIndex = 0; path = AppcentGameList.app; sourceTree = BUILT_PRODUCTS_DIR; };
		B10F227E29B5DFC400969D27 /* AppDelegate.swift */ = {isa = PBXFileReference; lastKnownFileType = sourcecode.swift; path = AppDelegate.swift; sourceTree = "<group>"; };
		B10F228029B5DFC400969D27 /* SceneDelegate.swift */ = {isa = PBXFileReference; lastKnownFileType = sourcecode.swift; path = SceneDelegate.swift; sourceTree = "<group>"; };
		B10F228229B5DFC400969D27 /* MainViewController.swift */ = {isa = PBXFileReference; lastKnownFileType = sourcecode.swift; path = MainViewController.swift; sourceTree = "<group>"; };
		B10F228729B5DFC500969D27 /* Assets.xcassets */ = {isa = PBXFileReference; lastKnownFileType = folder.assetcatalog; path = Assets.xcassets; sourceTree = "<group>"; };
		B10F228A29B5DFC500969D27 /* Base */ = {isa = PBXFileReference; lastKnownFileType = file.storyboard; name = Base; path = Base.lproj/LaunchScreen.storyboard; sourceTree = "<group>"; };
		B10F228C29B5DFC500969D27 /* Info.plist */ = {isa = PBXFileReference; lastKnownFileType = text.plist.xml; path = Info.plist; sourceTree = "<group>"; };
		B10F229E29B5E69000969D27 /* NetworkManager.swift */ = {isa = PBXFileReference; lastKnownFileType = sourcecode.swift; path = NetworkManager.swift; sourceTree = "<group>"; };
		B10F22A929B5FCA500969D27 /* GameEndpoints.swift */ = {isa = PBXFileReference; lastKnownFileType = sourcecode.swift; path = GameEndpoints.swift; sourceTree = "<group>"; };
		B10F22AF29B5FED600969D27 /* EndpointsProtocol.swift */ = {isa = PBXFileReference; lastKnownFileType = sourcecode.swift; path = EndpointsProtocol.swift; sourceTree = "<group>"; };
		B10F22B329B6061F00969D27 /* GameListResponse.swift */ = {isa = PBXFileReference; lastKnownFileType = sourcecode.swift; path = GameListResponse.swift; sourceTree = "<group>"; };
		B10F22B529B6088300969D27 /* GameDetailResponse.swift */ = {isa = PBXFileReference; lastKnownFileType = sourcecode.swift; path = GameDetailResponse.swift; sourceTree = "<group>"; };
		B10F22B729B609F900969D27 /* GameAPI.swift */ = {isa = PBXFileReference; lastKnownFileType = sourcecode.swift; path = GameAPI.swift; sourceTree = "<group>"; };
		B10F22B929B615AE00969D27 /* MainViewModel.swift */ = {isa = PBXFileReference; lastKnownFileType = sourcecode.swift; path = MainViewModel.swift; sourceTree = "<group>"; };
		B10F22BB29B615F900969D27 /* MainBuilder.swift */ = {isa = PBXFileReference; lastKnownFileType = sourcecode.swift; path = MainBuilder.swift; sourceTree = "<group>"; };
		B10F22BD29B6160100969D27 /* MainRouter.swift */ = {isa = PBXFileReference; lastKnownFileType = sourcecode.swift; path = MainRouter.swift; sourceTree = "<group>"; };
		B10F22C629B6228F00969D27 /* TopHorizontalCell.swift */ = {isa = PBXFileReference; lastKnownFileType = sourcecode.swift; path = TopHorizontalCell.swift; sourceTree = "<group>"; };
		B10F22C829B622E800969D27 /* GameListCell.swift */ = {isa = PBXFileReference; lastKnownFileType = sourcecode.swift; path = GameListCell.swift; sourceTree = "<group>"; };
		B10F22CC29B623F400969D27 /* SnappingLayout.swift */ = {isa = PBXFileReference; lastKnownFileType = sourcecode.swift; path = SnappingLayout.swift; sourceTree = "<group>"; };
		B10F22CE29B624BF00969D27 /* HorizontalGamesCell.swift */ = {isa = PBXFileReference; lastKnownFileType = sourcecode.swift; path = HorizontalGamesCell.swift; sourceTree = "<group>"; };
		B10F22D029B62BE900969D27 /* ScreenBounds.swift */ = {isa = PBXFileReference; lastKnownFileType = sourcecode.swift; path = ScreenBounds.swift; sourceTree = "<group>"; };
		B11F1C8829B669220017A063 /* DetailViewController.swift */ = {isa = PBXFileReference; lastKnownFileType = sourcecode.swift; path = DetailViewController.swift; sourceTree = "<group>"; };
		B11F1C8A29B6693A0017A063 /* DetailViewModel.swift */ = {isa = PBXFileReference; lastKnownFileType = sourcecode.swift; path = DetailViewModel.swift; sourceTree = "<group>"; };
		B11F1C8C29B669420017A063 /* DetailBuilder.swift */ = {isa = PBXFileReference; lastKnownFileType = sourcecode.swift; path = DetailBuilder.swift; sourceTree = "<group>"; };
/* End PBXFileReference section */

/* Begin PBXFrameworksBuildPhase section */
		B10F227829B5DFC400969D27 /* Frameworks */ = {
			isa = PBXFrameworksBuildPhase;
			buildActionMask = 2147483647;
			files = (
				B10F22D429B63BC000969D27 /* Kingfisher in Frameworks */,
				B10F229929B5E29300969D27 /* SnapKit in Frameworks */,
				B10F229C29B5E63E00969D27 /* Alamofire in Frameworks */,
			);
			runOnlyForDeploymentPostprocessing = 0;
		};
/* End PBXFrameworksBuildPhase section */

/* Begin PBXGroup section */
		B10F227229B5DFC400969D27 = {
			isa = PBXGroup;
			children = (
				B10F227D29B5DFC400969D27 /* AppcentGameList */,
				B10F227C29B5DFC400969D27 /* Products */,
			);
			sourceTree = "<group>";
		};
		B10F227C29B5DFC400969D27 /* Products */ = {
			isa = PBXGroup;
			children = (
				B10F227B29B5DFC400969D27 /* AppcentGameList.app */,
			);
			name = Products;
			sourceTree = "<group>";
		};
		B10F227D29B5DFC400969D27 /* AppcentGameList */ = {
			isa = PBXGroup;
			children = (
				B10F229229B5DFDF00969D27 /* App */,
				B10F229429B5DFFC00969D27 /* Resources */,
				B10F229D29B5E68300969D27 /* Managers */,
				B10F22A029B5F1E300969D27 /* Network */,
				B10F22CA29B623A700969D27 /* Utilities */,
				B10F22C029B6213C00969D27 /* UIComponents */,
				B10F229329B5DFE900969D27 /* Modules */,
			);
			path = AppcentGameList;
			sourceTree = "<group>";
		};
		B10F229229B5DFDF00969D27 /* App */ = {
			isa = PBXGroup;
			children = (
				B10F227E29B5DFC400969D27 /* AppDelegate.swift */,
				B10F228029B5DFC400969D27 /* SceneDelegate.swift */,
				B10F228C29B5DFC500969D27 /* Info.plist */,
			);
			path = App;
			sourceTree = "<group>";
		};
		B10F229329B5DFE900969D27 /* Modules */ = {
			isa = PBXGroup;
			children = (
				B10F229529B5E01100969D27 /* Launch */,
				B10F229629B5E01900969D27 /* Main */,
				B11F1C8729B669080017A063 /* Detail */,
			);
			path = Modules;
			sourceTree = "<group>";
		};
		B10F229429B5DFFC00969D27 /* Resources */ = {
			isa = PBXGroup;
			children = (
				B10F228729B5DFC500969D27 /* Assets.xcassets */,
			);
			path = Resources;
			sourceTree = "<group>";
		};
		B10F229529B5E01100969D27 /* Launch */ = {
			isa = PBXGroup;
			children = (
				B10F228929B5DFC500969D27 /* LaunchScreen.storyboard */,
			);
			path = Launch;
			sourceTree = "<group>";
		};
		B10F229629B5E01900969D27 /* Main */ = {
			isa = PBXGroup;
			children = (
				B10F228229B5DFC400969D27 /* MainViewController.swift */,
				B10F22B929B615AE00969D27 /* MainViewModel.swift */,
				B10F22BB29B615F900969D27 /* MainBuilder.swift */,
				B10F22BD29B6160100969D27 /* MainRouter.swift */,
			);
			path = Main;
			sourceTree = "<group>";
		};
		B10F229D29B5E68300969D27 /* Managers */ = {
			isa = PBXGroup;
			children = (
				B10F229E29B5E69000969D27 /* NetworkManager.swift */,
			);
			path = Managers;
			sourceTree = "<group>";
		};
		B10F22A029B5F1E300969D27 /* Network */ = {
			isa = PBXGroup;
			children = (
				B10F22A129B5F24200969D27 /* API */,
				B10F22A529B5F7EF00969D27 /* Models */,
				B10F22A829B5FBC800969D27 /* Endpoints */,
			);
			path = Network;
			sourceTree = "<group>";
		};
		B10F22A129B5F24200969D27 /* API */ = {
			isa = PBXGroup;
			children = (
				B10F22B729B609F900969D27 /* GameAPI.swift */,
			);
			path = API;
			sourceTree = "<group>";
		};
		B10F22A529B5F7EF00969D27 /* Models */ = {
			isa = PBXGroup;
			children = (
				B10F22A629B5F7F200969D27 /* ResponseModels */,
			);
			path = Models;
			sourceTree = "<group>";
		};
		B10F22A629B5F7F200969D27 /* ResponseModels */ = {
			isa = PBXGroup;
			children = (
				B10F22B329B6061F00969D27 /* GameListResponse.swift */,
				B10F22B529B6088300969D27 /* GameDetailResponse.swift */,
			);
			path = ResponseModels;
			sourceTree = "<group>";
		};
		B10F22A829B5FBC800969D27 /* Endpoints */ = {
			isa = PBXGroup;
			children = (
				B10F22A929B5FCA500969D27 /* GameEndpoints.swift */,
			);
			path = Endpoints;
			sourceTree = "<group>";
		};
		B10F22AC29B5FDBF00969D27 /* Helpers */ = {
			isa = PBXGroup;
			children = (
				B10F22CC29B623F400969D27 /* SnappingLayout.swift */,
				B10F22D029B62BE900969D27 /* ScreenBounds.swift */,
			);
			path = Helpers;
			sourceTree = "<group>";
		};
		B10F22C029B6213C00969D27 /* UIComponents */ = {
			isa = PBXGroup;
			children = (
				B10F22C129B6216C00969D27 /* Cells */,
			);
			path = UIComponents;
			sourceTree = "<group>";
		};
		B10F22C129B6216C00969D27 /* Cells */ = {
			isa = PBXGroup;
			children = (
				B10F22C229B6217300969D27 /* Main */,
			);
			path = Cells;
			sourceTree = "<group>";
		};
		B10F22C229B6217300969D27 /* Main */ = {
			isa = PBXGroup;
			children = (
				B10F22C629B6228F00969D27 /* TopHorizontalCell.swift */,
				B10F22C829B622E800969D27 /* GameListCell.swift */,
				B10F22CE29B624BF00969D27 /* HorizontalGamesCell.swift */,
			);
			path = Main;
			sourceTree = "<group>";
		};
		B10F22CA29B623A700969D27 /* Utilities */ = {
			isa = PBXGroup;
			children = (
				B10F22CB29B623DE00969D27 /* Protocols */,
				B10F22AC29B5FDBF00969D27 /* Helpers */,
			);
			path = Utilities;
			sourceTree = "<group>";
		};
		B10F22CB29B623DE00969D27 /* Protocols */ = {
			isa = PBXGroup;
			children = (
				B10F22AF29B5FED600969D27 /* EndpointsProtocol.swift */,
			);
			path = Protocols;
			sourceTree = "<group>";
		};
		B11F1C8729B669080017A063 /* Detail */ = {
			isa = PBXGroup;
			children = (
				B11F1C8829B669220017A063 /* DetailViewController.swift */,
				B11F1C8A29B6693A0017A063 /* DetailViewModel.swift */,
				B11F1C8C29B669420017A063 /* DetailBuilder.swift */,
			);
			path = Detail;
			sourceTree = "<group>";
		};
/* End PBXGroup section */

/* Begin PBXNativeTarget section */
		B10F227A29B5DFC400969D27 /* AppcentGameList */ = {
			isa = PBXNativeTarget;
			buildConfigurationList = B10F228F29B5DFC500969D27 /* Build configuration list for PBXNativeTarget "AppcentGameList" */;
			buildPhases = (
				B10F227729B5DFC400969D27 /* Sources */,
				B10F227829B5DFC400969D27 /* Frameworks */,
				B10F227929B5DFC400969D27 /* Resources */,
			);
			buildRules = (
			);
			dependencies = (
			);
			name = AppcentGameList;
			packageProductDependencies = (
				B10F229829B5E29300969D27 /* SnapKit */,
				B10F229B29B5E63E00969D27 /* Alamofire */,
				B10F22D329B63BC000969D27 /* Kingfisher */,
			);
			productName = AppcentGameList;
			productReference = B10F227B29B5DFC400969D27 /* AppcentGameList.app */;
			productType = "com.apple.product-type.application";
		};
/* End PBXNativeTarget section */

/* Begin PBXProject section */
		B10F227329B5DFC400969D27 /* Project object */ = {
			isa = PBXProject;
			attributes = {
				BuildIndependentTargetsInParallel = 1;
				LastSwiftUpdateCheck = 1420;
				LastUpgradeCheck = 1420;
				TargetAttributes = {
					B10F227A29B5DFC400969D27 = {
						CreatedOnToolsVersion = 14.2;
					};
				};
			};
			buildConfigurationList = B10F227629B5DFC400969D27 /* Build configuration list for PBXProject "AppcentGameList" */;
			compatibilityVersion = "Xcode 14.0";
			developmentRegion = en;
			hasScannedForEncodings = 0;
			knownRegions = (
				en,
				Base,
			);
			mainGroup = B10F227229B5DFC400969D27;
			packageReferences = (
				B10F229729B5E29300969D27 /* XCRemoteSwiftPackageReference "SnapKit" */,
				B10F229A29B5E63D00969D27 /* XCRemoteSwiftPackageReference "Alamofire" */,
				B10F22D229B63BC000969D27 /* XCRemoteSwiftPackageReference "Kingfisher" */,
			);
			productRefGroup = B10F227C29B5DFC400969D27 /* Products */;
			projectDirPath = "";
			projectRoot = "";
			targets = (
				B10F227A29B5DFC400969D27 /* AppcentGameList */,
			);
		};
/* End PBXProject section */

/* Begin PBXResourcesBuildPhase section */
		B10F227929B5DFC400969D27 /* Resources */ = {
			isa = PBXResourcesBuildPhase;
			buildActionMask = 2147483647;
			files = (
				B10F228B29B5DFC500969D27 /* LaunchScreen.storyboard in Resources */,
				B10F228829B5DFC500969D27 /* Assets.xcassets in Resources */,
			);
			runOnlyForDeploymentPostprocessing = 0;
		};
/* End PBXResourcesBuildPhase section */

/* Begin PBXSourcesBuildPhase section */
		B10F227729B5DFC400969D27 /* Sources */ = {
			isa = PBXSourcesBuildPhase;
			buildActionMask = 2147483647;
			files = (
				B10F22B029B5FED600969D27 /* EndpointsProtocol.swift in Sources */,
				B10F22C729B6228F00969D27 /* TopHorizontalCell.swift in Sources */,
				B10F229F29B5E69000969D27 /* NetworkManager.swift in Sources */,
				B10F22B429B6061F00969D27 /* GameListResponse.swift in Sources */,
				B10F22BC29B615F900969D27 /* MainBuilder.swift in Sources */,
				B10F228329B5DFC400969D27 /* MainViewController.swift in Sources */,
				B10F22BE29B6160100969D27 /* MainRouter.swift in Sources */,
				B11F1C8B29B6693A0017A063 /* DetailViewModel.swift in Sources */,
				B10F22B829B609F900969D27 /* GameAPI.swift in Sources */,
				B10F22BA29B615AE00969D27 /* MainViewModel.swift in Sources */,
				B11F1C8929B669220017A063 /* DetailViewController.swift in Sources */,
				B10F22C929B622E800969D27 /* GameListCell.swift in Sources */,
				B10F22CD29B623F400969D27 /* SnappingLayout.swift in Sources */,
				B10F22CF29B624BF00969D27 /* HorizontalGamesCell.swift in Sources */,
				B10F22D129B62BE900969D27 /* ScreenBounds.swift in Sources */,
				B10F22AA29B5FCA500969D27 /* GameEndpoints.swift in Sources */,
				B11F1C8D29B669420017A063 /* DetailBuilder.swift in Sources */,
				B10F227F29B5DFC400969D27 /* AppDelegate.swift in Sources */,
				B10F228129B5DFC400969D27 /* SceneDelegate.swift in Sources */,
				B10F22B629B6088300969D27 /* GameDetailResponse.swift in Sources */,
			);
			runOnlyForDeploymentPostprocessing = 0;
		};
/* End PBXSourcesBuildPhase section */

/* Begin PBXVariantGroup section */
		B10F228929B5DFC500969D27 /* LaunchScreen.storyboard */ = {
			isa = PBXVariantGroup;
			children = (
				B10F228A29B5DFC500969D27 /* Base */,
			);
			name = LaunchScreen.storyboard;
			sourceTree = "<group>";
		};
/* End PBXVariantGroup section */

/* Begin XCBuildConfiguration section */
		B10F228D29B5DFC500969D27 /* Debug */ = {
			isa = XCBuildConfiguration;
			buildSettings = {
				ALWAYS_SEARCH_USER_PATHS = NO;
				CLANG_ANALYZER_NONNULL = YES;
				CLANG_ANALYZER_NUMBER_OBJECT_CONVERSION = YES_AGGRESSIVE;
				CLANG_CXX_LANGUAGE_STANDARD = "gnu++20";
				CLANG_ENABLE_MODULES = YES;
				CLANG_ENABLE_OBJC_ARC = YES;
				CLANG_ENABLE_OBJC_WEAK = YES;
				CLANG_WARN_BLOCK_CAPTURE_AUTORELEASING = YES;
				CLANG_WARN_BOOL_CONVERSION = YES;
				CLANG_WARN_COMMA = YES;
				CLANG_WARN_CONSTANT_CONVERSION = YES;
				CLANG_WARN_DEPRECATED_OBJC_IMPLEMENTATIONS = YES;
				CLANG_WARN_DIRECT_OBJC_ISA_USAGE = YES_ERROR;
				CLANG_WARN_DOCUMENTATION_COMMENTS = YES;
				CLANG_WARN_EMPTY_BODY = YES;
				CLANG_WARN_ENUM_CONVERSION = YES;
				CLANG_WARN_INFINITE_RECURSION = YES;
				CLANG_WARN_INT_CONVERSION = YES;
				CLANG_WARN_NON_LITERAL_NULL_CONVERSION = YES;
				CLANG_WARN_OBJC_IMPLICIT_RETAIN_SELF = YES;
				CLANG_WARN_OBJC_LITERAL_CONVERSION = YES;
				CLANG_WARN_OBJC_ROOT_CLASS = YES_ERROR;
				CLANG_WARN_QUOTED_INCLUDE_IN_FRAMEWORK_HEADER = YES;
				CLANG_WARN_RANGE_LOOP_ANALYSIS = YES;
				CLANG_WARN_STRICT_PROTOTYPES = YES;
				CLANG_WARN_SUSPICIOUS_MOVE = YES;
				CLANG_WARN_UNGUARDED_AVAILABILITY = YES_AGGRESSIVE;
				CLANG_WARN_UNREACHABLE_CODE = YES;
				CLANG_WARN__DUPLICATE_METHOD_MATCH = YES;
				COPY_PHASE_STRIP = NO;
				DEBUG_INFORMATION_FORMAT = dwarf;
				ENABLE_STRICT_OBJC_MSGSEND = YES;
				ENABLE_TESTABILITY = YES;
				GCC_C_LANGUAGE_STANDARD = gnu11;
				GCC_DYNAMIC_NO_PIC = NO;
				GCC_NO_COMMON_BLOCKS = YES;
				GCC_OPTIMIZATION_LEVEL = 0;
				GCC_PREPROCESSOR_DEFINITIONS = (
					"DEBUG=1",
					"$(inherited)",
				);
				GCC_WARN_64_TO_32_BIT_CONVERSION = YES;
				GCC_WARN_ABOUT_RETURN_TYPE = YES_ERROR;
				GCC_WARN_UNDECLARED_SELECTOR = YES;
				GCC_WARN_UNINITIALIZED_AUTOS = YES_AGGRESSIVE;
				GCC_WARN_UNUSED_FUNCTION = YES;
				GCC_WARN_UNUSED_VARIABLE = YES;
				IPHONEOS_DEPLOYMENT_TARGET = 16.2;
				MTL_ENABLE_DEBUG_INFO = INCLUDE_SOURCE;
				MTL_FAST_MATH = YES;
				ONLY_ACTIVE_ARCH = YES;
				SDKROOT = iphoneos;
				SWIFT_ACTIVE_COMPILATION_CONDITIONS = DEBUG;
				SWIFT_OPTIMIZATION_LEVEL = "-Onone";
			};
			name = Debug;
		};
		B10F228E29B5DFC500969D27 /* Release */ = {
			isa = XCBuildConfiguration;
			buildSettings = {
				ALWAYS_SEARCH_USER_PATHS = NO;
				CLANG_ANALYZER_NONNULL = YES;
				CLANG_ANALYZER_NUMBER_OBJECT_CONVERSION = YES_AGGRESSIVE;
				CLANG_CXX_LANGUAGE_STANDARD = "gnu++20";
				CLANG_ENABLE_MODULES = YES;
				CLANG_ENABLE_OBJC_ARC = YES;
				CLANG_ENABLE_OBJC_WEAK = YES;
				CLANG_WARN_BLOCK_CAPTURE_AUTORELEASING = YES;
				CLANG_WARN_BOOL_CONVERSION = YES;
				CLANG_WARN_COMMA = YES;
				CLANG_WARN_CONSTANT_CONVERSION = YES;
				CLANG_WARN_DEPRECATED_OBJC_IMPLEMENTATIONS = YES;
				CLANG_WARN_DIRECT_OBJC_ISA_USAGE = YES_ERROR;
				CLANG_WARN_DOCUMENTATION_COMMENTS = YES;
				CLANG_WARN_EMPTY_BODY = YES;
				CLANG_WARN_ENUM_CONVERSION = YES;
				CLANG_WARN_INFINITE_RECURSION = YES;
				CLANG_WARN_INT_CONVERSION = YES;
				CLANG_WARN_NON_LITERAL_NULL_CONVERSION = YES;
				CLANG_WARN_OBJC_IMPLICIT_RETAIN_SELF = YES;
				CLANG_WARN_OBJC_LITERAL_CONVERSION = YES;
				CLANG_WARN_OBJC_ROOT_CLASS = YES_ERROR;
				CLANG_WARN_QUOTED_INCLUDE_IN_FRAMEWORK_HEADER = YES;
				CLANG_WARN_RANGE_LOOP_ANALYSIS = YES;
				CLANG_WARN_STRICT_PROTOTYPES = YES;
				CLANG_WARN_SUSPICIOUS_MOVE = YES;
				CLANG_WARN_UNGUARDED_AVAILABILITY = YES_AGGRESSIVE;
				CLANG_WARN_UNREACHABLE_CODE = YES;
				CLANG_WARN__DUPLICATE_METHOD_MATCH = YES;
				COPY_PHASE_STRIP = NO;
				DEBUG_INFORMATION_FORMAT = "dwarf-with-dsym";
				ENABLE_NS_ASSERTIONS = NO;
				ENABLE_STRICT_OBJC_MSGSEND = YES;
				GCC_C_LANGUAGE_STANDARD = gnu11;
				GCC_NO_COMMON_BLOCKS = YES;
				GCC_WARN_64_TO_32_BIT_CONVERSION = YES;
				GCC_WARN_ABOUT_RETURN_TYPE = YES_ERROR;
				GCC_WARN_UNDECLARED_SELECTOR = YES;
				GCC_WARN_UNINITIALIZED_AUTOS = YES_AGGRESSIVE;
				GCC_WARN_UNUSED_FUNCTION = YES;
				GCC_WARN_UNUSED_VARIABLE = YES;
				IPHONEOS_DEPLOYMENT_TARGET = 16.2;
				MTL_ENABLE_DEBUG_INFO = NO;
				MTL_FAST_MATH = YES;
				SDKROOT = iphoneos;
				SWIFT_COMPILATION_MODE = wholemodule;
				SWIFT_OPTIMIZATION_LEVEL = "-O";
				VALIDATE_PRODUCT = YES;
			};
			name = Release;
		};
		B10F229029B5DFC500969D27 /* Debug */ = {
			isa = XCBuildConfiguration;
			buildSettings = {
				ASSETCATALOG_COMPILER_APPICON_NAME = AppIcon;
				ASSETCATALOG_COMPILER_GLOBAL_ACCENT_COLOR_NAME = AccentColor;
				CODE_SIGN_STYLE = Automatic;
				CURRENT_PROJECT_VERSION = 1;
				DEVELOPMENT_TEAM = QQ4V82589Y;
				GENERATE_INFOPLIST_FILE = YES;
				INFOPLIST_FILE = AppcentGameList/App/Info.plist;
				INFOPLIST_KEY_UIApplicationSupportsIndirectInputEvents = YES;
				INFOPLIST_KEY_UILaunchStoryboardName = LaunchScreen;
				INFOPLIST_KEY_UIMainStoryboardFile = "";
				INFOPLIST_KEY_UISupportedInterfaceOrientations = UIInterfaceOrientationPortrait;
				INFOPLIST_KEY_UISupportedInterfaceOrientations_iPad = "UIInterfaceOrientationPortrait UIInterfaceOrientationPortraitUpsideDown";
				IPHONEOS_DEPLOYMENT_TARGET = 13.0;
				LD_RUNPATH_SEARCH_PATHS = (
					"$(inherited)",
					"@executable_path/Frameworks",
				);
				MARKETING_VERSION = 1.0;
				PRODUCT_BUNDLE_IDENTIFIER = com.berkaysancar.AppcentGameList;
				PRODUCT_NAME = "$(TARGET_NAME)";
				SUPPORTED_PLATFORMS = "iphoneos iphonesimulator";
				SUPPORTS_MACCATALYST = NO;
				SUPPORTS_MAC_DESIGNED_FOR_IPHONE_IPAD = NO;
				SWIFT_EMIT_LOC_STRINGS = YES;
				SWIFT_VERSION = 5.0;
				TARGETED_DEVICE_FAMILY = "1,2";
			};
			name = Debug;
		};
		B10F229129B5DFC500969D27 /* Release */ = {
			isa = XCBuildConfiguration;
			buildSettings = {
				ASSETCATALOG_COMPILER_APPICON_NAME = AppIcon;
				ASSETCATALOG_COMPILER_GLOBAL_ACCENT_COLOR_NAME = AccentColor;
				CODE_SIGN_STYLE = Automatic;
				CURRENT_PROJECT_VERSION = 1;
				DEVELOPMENT_TEAM = QQ4V82589Y;
				GENERATE_INFOPLIST_FILE = YES;
				INFOPLIST_FILE = AppcentGameList/App/Info.plist;
				INFOPLIST_KEY_UIApplicationSupportsIndirectInputEvents = YES;
				INFOPLIST_KEY_UILaunchStoryboardName = LaunchScreen;
				INFOPLIST_KEY_UIMainStoryboardFile = "";
				INFOPLIST_KEY_UISupportedInterfaceOrientations = UIInterfaceOrientationPortrait;
				INFOPLIST_KEY_UISupportedInterfaceOrientations_iPad = "UIInterfaceOrientationPortrait UIInterfaceOrientationPortraitUpsideDown";
				IPHONEOS_DEPLOYMENT_TARGET = 13.0;
				LD_RUNPATH_SEARCH_PATHS = (
					"$(inherited)",
					"@executable_path/Frameworks",
				);
				MARKETING_VERSION = 1.0;
				PRODUCT_BUNDLE_IDENTIFIER = com.berkaysancar.AppcentGameList;
				PRODUCT_NAME = "$(TARGET_NAME)";
				SUPPORTED_PLATFORMS = "iphoneos iphonesimulator";
				SUPPORTS_MACCATALYST = NO;
				SUPPORTS_MAC_DESIGNED_FOR_IPHONE_IPAD = NO;
				SWIFT_EMIT_LOC_STRINGS = YES;
				SWIFT_VERSION = 5.0;
				TARGETED_DEVICE_FAMILY = "1,2";
			};
			name = Release;
		};
/* End XCBuildConfiguration section */

/* Begin XCConfigurationList section */
		B10F227629B5DFC400969D27 /* Build configuration list for PBXProject "AppcentGameList" */ = {
			isa = XCConfigurationList;
			buildConfigurations = (
				B10F228D29B5DFC500969D27 /* Debug */,
				B10F228E29B5DFC500969D27 /* Release */,
			);
			defaultConfigurationIsVisible = 0;
			defaultConfigurationName = Release;
		};
		B10F228F29B5DFC500969D27 /* Build configuration list for PBXNativeTarget "AppcentGameList" */ = {
			isa = XCConfigurationList;
			buildConfigurations = (
				B10F229029B5DFC500969D27 /* Debug */,
				B10F229129B5DFC500969D27 /* Release */,
			);
			defaultConfigurationIsVisible = 0;
			defaultConfigurationName = Release;
		};
/* End XCConfigurationList section */

/* Begin XCRemoteSwiftPackageReference section */
		B10F229729B5E29300969D27 /* XCRemoteSwiftPackageReference "SnapKit" */ = {
			isa = XCRemoteSwiftPackageReference;
			repositoryURL = "https://github.com/SnapKit/SnapKit.git";
			requirement = {
				kind = upToNextMajorVersion;
				minimumVersion = 5.0.1;
			};
		};
		B10F229A29B5E63D00969D27 /* XCRemoteSwiftPackageReference "Alamofire" */ = {
			isa = XCRemoteSwiftPackageReference;
			repositoryURL = "https://github.com/Alamofire/Alamofire";
			requirement = {
				kind = upToNextMajorVersion;
				minimumVersion = 5.6.1;
			};
		};
		B10F22D229B63BC000969D27 /* XCRemoteSwiftPackageReference "Kingfisher" */ = {
			isa = XCRemoteSwiftPackageReference;
			repositoryURL = "https://github.com/onevcat/Kingfisher.git";
			requirement = {
				kind = upToNextMajorVersion;
				minimumVersion = 7.0.0;
			};
		};
/* End XCRemoteSwiftPackageReference section */

/* Begin XCSwiftPackageProductDependency section */
		B10F229829B5E29300969D27 /* SnapKit */ = {
			isa = XCSwiftPackageProductDependency;
			package = B10F229729B5E29300969D27 /* XCRemoteSwiftPackageReference "SnapKit" */;
			productName = SnapKit;
		};
		B10F229B29B5E63E00969D27 /* Alamofire */ = {
			isa = XCSwiftPackageProductDependency;
			package = B10F229A29B5E63D00969D27 /* XCRemoteSwiftPackageReference "Alamofire" */;
			productName = Alamofire;
		};
		B10F22D329B63BC000969D27 /* Kingfisher */ = {
			isa = XCSwiftPackageProductDependency;
			package = B10F22D229B63BC000969D27 /* XCRemoteSwiftPackageReference "Kingfisher" */;
			productName = Kingfisher;
		};
/* End XCSwiftPackageProductDependency section */
	};
	rootObject = B10F227329B5DFC400969D27 /* Project object */;
}
